
Microsoft Visual Studio Solution File, Format Version 12.00
# Visual Studio Version 16
VisualStudioVersion = 16.0.31005.135
MinimumVisualStudioVersion = 10.0.40219.1
Project("{FAE04EC0-301F-11D3-BF4B-00C04F79EFBC}") = "Client", "Client\Client.csproj", "{C7293A85-90DD-4544-9DF0-E9EB2C781E36}"
EndProject
Project("{9A19103F-16F7-4668-BE54-9A1E7A4F7556}") = "Server", "Server\Server.csproj", "{4B9DF8B7-3677-49B7-A05D-F95EA49ED712}"
EndProject
Global
	GlobalSection(SolutionConfigurationPlatforms) = preSolution
		Debug|Any CPU = Debug|Any CPU
		Release|Any CPU = Release|Any CPU
	EndGlobalSection
	GlobalSection(ProjectConfigurationPlatforms) = postSolution
		{C7293A85-90DD-4544-9DF0-E9EB2C781E36}.Debug|Any CPU.ActiveCfg = Debug|Any CPU
		{C7293A85-90DD-4544-9DF0-E9EB2C781E36}.Debug|Any CPU.Build.0 = Debug|Any CPU
		{C7293A85-90DD-4544-9DF0-E9EB2C781E36}.Release|Any CPU.ActiveCfg = Release|Any CPU
		{C7293A85-90DD-4544-9DF0-E9EB2C781E36}.Release|Any CPU.Build.0 = Release|Any CPU
		{4B9DF8B7-3677-49B7-A05D-F95EA49ED712}.Debug|Any CPU.ActiveCfg = Debug|Any CPU
		{4B9DF8B7-3677-49B7-A05D-F95EA49ED712}.Debug|Any CPU.Build.0 = Debug|Any CPU
		{4B9DF8B7-3677-49B7-A05D-F95EA49ED712}.Release|Any CPU.ActiveCfg = Release|Any CPU
		{4B9DF8B7-3677-49B7-A05D-F95EA49ED712}.Release|Any CPU.Build.0 = Release|Any CPU
	EndGlobalSection
	GlobalSection(SolutionProperties) = preSolution
		HideSolutionNode = FALSE
	EndGlobalSection
	GlobalSection(ExtensibilityGlobals) = postSolution
		SolutionGuid = {2C373B4F-7CB7-480E-8F17-58BF2FB4787B}
	EndGlobalSection
EndGlobal
